PODS:
  - Alamofire (4.8.1)
  - FeedKit (8.1.0)
  - SDWebImage (4.4.6):
    - SDWebImage/Core (= 4.4.6)
  - SDWebImage/Core (4.4.6)

DEPENDENCIES:
  - Alamofire
  - FeedKit (~> 8.0)
  - SDWebImage (~> 4.0)

SPEC REPOS:
  https://github.com/cocoapods/specs.git:
    - Alamofire
    - FeedKit
    - SDWebImage

SPEC CHECKSUMS:
  Alamofire: 16ce2c353fb72865124ddae8a57c5942388f4f11
  FeedKit: d889cce185d4499c1954bc8d54a8a55866bd638f
  SDWebImage: 3f3f0c02f09798048c47a5ed0a13f17b063572d8

PODFILE CHECKSUM: 72d71c938044b1a9d519c7f33ee48b4dc84508a7

COCOAPODS: 1.5.3
